
Microsoft Visual Studio Solution File, Format Version 10.00
# Visual Studio 2008
Project("{FAE04EC0-301F-11D3-BF4B-00C04F79EFBC}") = "WarehouseIOBill", "WarehouseIOBill\WarehouseIOBill.csproj", "{C2750BBA-EB94-4565-B178-CF00276EA5A3}"
EndProject
Project("{FAE04EC0-301F-11D3-BF4B-00C04F79EFBC}") = "QueryReports", "QueryReports\QueryReports.csproj", "{6E5FB4A9-1BC8-4F92-B708-25EF6F3A54C1}"
EndProject
Project("{FAE04EC0-301F-11D3-BF4B-00C04F79EFBC}") = "SeDBSctServer", "SeDBSctServer_Source\SeDBSctServer.csproj", "{BCC08B48-DEB6-4958-97CA-CDCF18226317}"
EndProject
Project("{FAE04EC0-301F-11D3-BF4B-00C04F79EFBC}") = "WMS", "WMS_Source\WMS.csproj", "{0B40EF5E-811D-42FF-82C9-C6ACAE78308C}"
EndProject
Project("{FAE04EC0-301F-11D3-BF4B-00C04F79EFBC}") = "MainForm", "MainForm_Source\MainForm.csproj", "{CECA05A1-DE3A-459A-BE22-CEB310A96B97}"
EndProject
Project("{FAE04EC0-301F-11D3-BF4B-00C04F79EFBC}") = "DataImpExp", "DataImpExp_Source\DataImpExp.csproj", "{A9610B64-2AB0-4199-B66E-A18750F04B80}"
EndProject
Project("{FAE04EC0-301F-11D3-BF4B-00C04F79EFBC}") = "WarehouseBase", "WarehouseBase_Source\WarehouseBase.csproj", "{940F7151-1A82-4F37-93DD-D2D7A11B66A2}"
EndProject
Project("{FAE04EC0-301F-11D3-BF4B-00C04F79EFBC}") = "WareStore", "WareStore\WareStore.csproj", "{5174D418-01B6-429C-9859-7CAC380F2C18}"
EndProject
Project("{FAE04EC0-301F-11D3-BF4B-00C04F79EFBC}") = "WarehouseTask", "WarehouseTask_Source\WarehouseTask.csproj", "{7B9B3351-1941-4A4E-900B-8E704D585815}"
EndProject
Project("{FAE04EC0-301F-11D3-BF4B-00C04F79EFBC}") = "DBCommInfo", "DBCommInfo\DBCommInfo.csproj", "{25EAF977-A223-4F9B-9A5A-F3DF3058DCDB}"
EndProject
Project("{FAE04EC0-301F-11D3-BF4B-00C04F79EFBC}") = "SeDBClient", "SeDBClient\SeDBClient.csproj", "{8A4A1758-5FFB-4EA3-8157-C51FE135DC83}"
EndProject
Project("{FAE04EC0-301F-11D3-BF4B-00C04F79EFBC}") = "DBBase", "DBBase\DBBase.csproj", "{BBC04030-5D3A-4D94-8451-2864690C6B2A}"
EndProject
Project("{FAE04EC0-301F-11D3-BF4B-00C04F79EFBC}") = "CommBase", "CommBase\CommBase.csproj", "{69B9B8E7-7B42-4405-8B0D-30EA6212DBE3}"
EndProject
Project("{FAE04EC0-301F-11D3-BF4B-00C04F79EFBC}") = "AppBaseForm", "AppBaseForm\AppBaseForm.csproj", "{2E454991-8A43-4B41-B190-DF4C465EDD3C}"
EndProject
Project("{FAE04EC0-301F-11D3-BF4B-00C04F79EFBC}") = "AppBaseClass", "AppBaseClass\AppBaseClass.csproj", "{3131FB42-A928-4D83-B56B-653B3D5F214D}"
EndProject
Project("{FAE04EC0-301F-11D3-BF4B-00C04F79EFBC}") = "FileFun", "FileFun\FileFun.csproj", "{8C990C0B-08D5-4C68-9D41-2AF1A040B092}"
EndProject
Project("{FAE04EC0-301F-11D3-BF4B-00C04F79EFBC}") = "PubDBCommFuns", "PubDBCommFuns\PubDBCommFuns.csproj", "{F1FE8B25-9403-4C69-AFB1-2962EDECE652}"
EndProject
Project("{FAE04EC0-301F-11D3-BF4B-00C04F79EFBC}") = "Login", "Login\Login.csproj", "{30DE72B6-4221-4666-AF30-8A336C761FEF}"
EndProject
Project("{FAE04EC0-301F-11D3-BF4B-00C04F79EFBC}") = "UserManager", "UserManager\UserManager.csproj", "{3FFA0669-E357-4B0F-8BF5-BBC9BFCEAF9E}"
EndProject
Global
	GlobalSection(SolutionConfigurationPlatforms) = preSolution
		Debug|Any CPU = Debug|Any CPU
		Release|Any CPU = Release|Any CPU
	EndGlobalSection
	GlobalSection(ProjectConfigurationPlatforms) = postSolution
		{C2750BBA-EB94-4565-B178-CF00276EA5A3}.Debug|Any CPU.ActiveCfg = Debug|Any CPU
		{C2750BBA-EB94-4565-B178-CF00276EA5A3}.Debug|Any CPU.Build.0 = Debug|Any CPU
		{C2750BBA-EB94-4565-B178-CF00276EA5A3}.Release|Any CPU.ActiveCfg = Release|Any CPU
		{C2750BBA-EB94-4565-B178-CF00276EA5A3}.Release|Any CPU.Build.0 = Release|Any CPU
		{6E5FB4A9-1BC8-4F92-B708-25EF6F3A54C1}.Debug|Any CPU.ActiveCfg = Debug|Any CPU
		{6E5FB4A9-1BC8-4F92-B708-25EF6F3A54C1}.Debug|Any CPU.Build.0 = Debug|Any CPU
		{6E5FB4A9-1BC8-4F92-B708-25EF6F3A54C1}.Release|Any CPU.ActiveCfg = Release|Any CPU
		{6E5FB4A9-1BC8-4F92-B708-25EF6F3A54C1}.Release|Any CPU.Build.0 = Release|Any CPU
		{BCC08B48-DEB6-4958-97CA-CDCF18226317}.Debug|Any CPU.ActiveCfg = Debug|Any CPU
		{BCC08B48-DEB6-4958-97CA-CDCF18226317}.Debug|Any CPU.Build.0 = Debug|Any CPU
		{BCC08B48-DEB6-4958-97CA-CDCF18226317}.Release|Any CPU.ActiveCfg = Release|Any CPU
		{BCC08B48-DEB6-4958-97CA-CDCF18226317}.Release|Any CPU.Build.0 = Release|Any CPU
		{0B40EF5E-811D-42FF-82C9-C6ACAE78308C}.Debug|Any CPU.ActiveCfg = Debug|Any CPU
		{0B40EF5E-811D-42FF-82C9-C6ACAE78308C}.Debug|Any CPU.Build.0 = Debug|Any CPU
		{0B40EF5E-811D-42FF-82C9-C6ACAE78308C}.Release|Any CPU.ActiveCfg = Release|Any CPU
		{0B40EF5E-811D-42FF-82C9-C6ACAE78308C}.Release|Any CPU.Build.0 = Release|Any CPU
		{CECA05A1-DE3A-459A-BE22-CEB310A96B97}.Debug|Any CPU.ActiveCfg = Debug|Any CPU
		{CECA05A1-DE3A-459A-BE22-CEB310A96B97}.Debug|Any CPU.Build.0 = Debug|Any CPU
		{CECA05A1-DE3A-459A-BE22-CEB310A96B97}.Release|Any CPU.ActiveCfg = Release|Any CPU
		{CECA05A1-DE3A-459A-BE22-CEB310A96B97}.Release|Any CPU.Build.0 = Release|Any CPU
		{A9610B64-2AB0-4199-B66E-A18750F04B80}.Debug|Any CPU.ActiveCfg = Debug|Any CPU
		{A9610B64-2AB0-4199-B66E-A18750F04B80}.Debug|Any CPU.Build.0 = Debug|Any CPU
		{A9610B64-2AB0-4199-B66E-A18750F04B80}.Release|Any CPU.ActiveCfg = Release|Any CPU
		{A9610B64-2AB0-4199-B66E-A18750F04B80}.Release|Any CPU.Build.0 = Release|Any CPU
		{940F7151-1A82-4F37-93DD-D2D7A11B66A2}.Debug|Any CPU.ActiveCfg = Debug|Any CPU
		{940F7151-1A82-4F37-93DD-D2D7A11B66A2}.Debug|Any CPU.Build.0 = Debug|Any CPU
		{940F7151-1A82-4F37-93DD-D2D7A11B66A2}.Release|Any CPU.ActiveCfg = Release|Any CPU
		{940F7151-1A82-4F37-93DD-D2D7A11B66A2}.Release|Any CPU.Build.0 = Release|Any CPU
		{5174D418-01B6-429C-9859-7CAC380F2C18}.Debug|Any CPU.ActiveCfg = Debug|Any CPU
		{5174D418-01B6-429C-9859-7CAC380F2C18}.Debug|Any CPU.Build.0 = Debug|Any CPU
		{5174D418-01B6-429C-9859-7CAC380F2C18}.Release|Any CPU.ActiveCfg = Release|Any CPU
		{5174D418-01B6-429C-9859-7CAC380F2C18}.Release|Any CPU.Build.0 = Release|Any CPU
		{7B9B3351-1941-4A4E-900B-8E704D585815}.Debug|Any CPU.ActiveCfg = Debug|Any CPU
		{7B9B3351-1941-4A4E-900B-8E704D585815}.Debug|Any CPU.Build.0 = Debug|Any CPU
		{7B9B3351-1941-4A4E-900B-8E704D585815}.Release|Any CPU.ActiveCfg = Release|Any CPU
		{7B9B3351-1941-4A4E-900B-8E704D585815}.Release|Any CPU.Build.0 = Release|Any CPU
		{25EAF977-A223-4F9B-9A5A-F3DF3058DCDB}.Debug|Any CPU.ActiveCfg = Debug|Any CPU
		{25EAF977-A223-4F9B-9A5A-F3DF3058DCDB}.Debug|Any CPU.Build.0 = Debug|Any CPU
		{25EAF977-A223-4F9B-9A5A-F3DF3058DCDB}.Release|Any CPU.ActiveCfg = Release|Any CPU
		{25EAF977-A223-4F9B-9A5A-F3DF3058DCDB}.Release|Any CPU.Build.0 = Release|Any CPU
		{8A4A1758-5FFB-4EA3-8157-C51FE135DC83}.Debug|Any CPU.ActiveCfg = Debug|Any CPU
		{8A4A1758-5FFB-4EA3-8157-C51FE135DC83}.Debug|Any CPU.Build.0 = Debug|Any CPU
		{8A4A1758-5FFB-4EA3-8157-C51FE135DC83}.Release|Any CPU.ActiveCfg = Release|Any CPU
		{8A4A1758-5FFB-4EA3-8157-C51FE135DC83}.Release|Any CPU.Build.0 = Release|Any CPU
		{BBC04030-5D3A-4D94-8451-2864690C6B2A}.Debug|Any CPU.ActiveCfg = Debug|Any CPU
		{BBC04030-5D3A-4D94-8451-2864690C6B2A}.Debug|Any CPU.Build.0 = Debug|Any CPU
		{BBC04030-5D3A-4D94-8451-2864690C6B2A}.Release|Any CPU.ActiveCfg = Release|Any CPU
		{BBC04030-5D3A-4D94-8451-2864690C6B2A}.Release|Any CPU.Build.0 = Release|Any CPU
		{69B9B8E7-7B42-4405-8B0D-30EA6212DBE3}.Debug|Any CPU.ActiveCfg = Debug|Any CPU
		{69B9B8E7-7B42-4405-8B0D-30EA6212DBE3}.Debug|Any CPU.Build.0 = Debug|Any CPU
		{69B9B8E7-7B42-4405-8B0D-30EA6212DBE3}.Release|Any CPU.ActiveCfg = Release|Any CPU
		{69B9B8E7-7B42-4405-8B0D-30EA6212DBE3}.Release|Any CPU.Build.0 = Release|Any CPU
		{2E454991-8A43-4B41-B190-DF4C465EDD3C}.Debug|Any CPU.ActiveCfg = Debug|Any CPU
		{2E454991-8A43-4B41-B190-DF4C465EDD3C}.Debug|Any CPU.Build.0 = Debug|Any CPU
		{2E454991-8A43-4B41-B190-DF4C465EDD3C}.Release|Any CPU.ActiveCfg = Release|Any CPU
		{2E454991-8A43-4B41-B190-DF4C465EDD3C}.Release|Any CPU.Build.0 = Release|Any CPU
		{3131FB42-A928-4D83-B56B-653B3D5F214D}.Debug|Any CPU.ActiveCfg = Debug|Any CPU
		{3131FB42-A928-4D83-B56B-653B3D5F214D}.Debug|Any CPU.Build.0 = Debug|Any CPU
		{3131FB42-A928-4D83-B56B-653B3D5F214D}.Release|Any CPU.ActiveCfg = Release|Any CPU
		{3131FB42-A928-4D83-B56B-653B3D5F214D}.Release|Any CPU.Build.0 = Release|Any CPU
		{8C990C0B-08D5-4C68-9D41-2AF1A040B092}.Debug|Any CPU.ActiveCfg = Debug|Any CPU
		{8C990C0B-08D5-4C68-9D41-2AF1A040B092}.Debug|Any CPU.Build.0 = Debug|Any CPU
		{8C990C0B-08D5-4C68-9D41-2AF1A040B092}.Release|Any CPU.ActiveCfg = Release|Any CPU
		{8C990C0B-08D5-4C68-9D41-2AF1A040B092}.Release|Any CPU.Build.0 = Release|Any CPU
		{F1FE8B25-9403-4C69-AFB1-2962EDECE652}.Debug|Any CPU.ActiveCfg = Debug|Any CPU
		{F1FE8B25-9403-4C69-AFB1-2962EDECE652}.Debug|Any CPU.Build.0 = Debug|Any CPU
		{F1FE8B25-9403-4C69-AFB1-2962EDECE652}.Release|Any CPU.ActiveCfg = Release|Any CPU
		{F1FE8B25-9403-4C69-AFB1-2962EDECE652}.Release|Any CPU.Build.0 = Release|Any CPU
		{30DE72B6-4221-4666-AF30-8A336C761FEF}.Debug|Any CPU.ActiveCfg = Debug|Any CPU
		{30DE72B6-4221-4666-AF30-8A336C761FEF}.Debug|Any CPU.Build.0 = Debug|Any CPU
		{30DE72B6-4221-4666-AF30-8A336C761FEF}.Release|Any CPU.ActiveCfg = Release|Any CPU
		{30DE72B6-4221-4666-AF30-8A336C761FEF}.Release|Any CPU.Build.0 = Release|Any CPU
		{3FFA0669-E357-4B0F-8BF5-BBC9BFCEAF9E}.Debug|Any CPU.ActiveCfg = Debug|Any CPU
		{3FFA0669-E357-4B0F-8BF5-BBC9BFCEAF9E}.Debug|Any CPU.Build.0 = Debug|Any CPU
		{3FFA0669-E357-4B0F-8BF5-BBC9BFCEAF9E}.Release|Any CPU.ActiveCfg = Release|Any CPU
		{3FFA0669-E357-4B0F-8BF5-BBC9BFCEAF9E}.Release|Any CPU.Build.0 = Release|Any CPU
	EndGlobalSection
	GlobalSection(SolutionProperties) = preSolution
		HideSolutionNode = FALSE
	EndGlobalSection
EndGlobal
